{
    "_readme": [
        "This file locks the dependencies of your project to a known state",
        "Read more about it at https://getcomposer.org/doc/01-basic-usage.md#installing-dependencies",
        "This file is @generated automatically"
    ],
    "content-hash": "96d2d00a39336befc10c2b5032bc7f7d",
    "packages": [
        {
            "name": "getkirby/composer-installer",
            "version": "1.1.4",
            "source": {
                "type": "git",
                "url": "https://github.com/getkirby/composer-installer.git",
                "reference": "2d6b8f5601a31caeeea45623e1643fbb437eb94e"
            },
            "dist": {
                "type": "zip",
                "url": "https://api.github.com/repos/getkirby/composer-installer/zipball/2d6b8f5601a31caeeea45623e1643fbb437eb94e",
                "reference": "2d6b8f5601a31caeeea45623e1643fbb437eb94e",
                "shasum": ""
            },
            "require": {
                "composer-plugin-api": "^1.0"
            },
            "require-dev": {
                "composer/composer": "^1.8",
                "phpunit/phpunit": "^7.0"
            },
            "type": "composer-plugin",
            "extra": {
                "class": "Kirby\\ComposerInstaller\\Plugin"
            },
            "autoload": {
                "psr-4": {
                    "Kirby\\": "src/"
                }
            },
            "notification-url": "https://packagist.org/downloads/",
            "license": [
                "MIT"
            ],
            "description": "Kirby's custom Composer installer for the Kirby CMS and for Kirby plugins",
            "homepage": "https://getkirby.com",
            "time": "2019-02-11T20:27:36+00:00"
        },
        {
            "name": "martijnc/php-csp",
            "version": "1.0.2",
            "source": {
                "type": "git",
                "url": "https://github.com/Martijnc/php-csp.git",
                "reference": "e02bf6efe8705df55168140371873475df13060d"
            },
            "dist": {
                "type": "zip",
                "url": "https://api.github.com/repos/Martijnc/php-csp/zipball/e02bf6efe8705df55168140371873475df13060d",
                "reference": "e02bf6efe8705df55168140371873475df13060d",
                "shasum": ""
            },
            "require": {
                "php": ">=5.4.0"
            },
            "type": "library",
            "autoload": {
                "psr-0": {
                    "Phpcsp": "src/"
                }
            },
            "notification-url": "https://packagist.org/downloads/",
            "license": [
                "BSD"
            ],
            "authors": [
                {
                    "name": "Martijn Croonen",
                    "homepage": "https://github.com/martijnc",
                    "role": "Developer"
                }
            ],
            "description": "Content Security Policy helper for PHP",
            "homepage": "https://github.com/martijnc/php-csp",
            "keywords": [
                "X-Frame-Options",
                "X-XSS-Protection",
                "content security policy",
                "library",
                "php",
                "security",
                "xss"
            ],
            "time": "2015-11-27T09:08:40+00:00"
        }
    ],
    "packages-dev": [],
    "aliases": [],
    "minimum-stability": "stable",
    "stability-flags": [],
    "prefer-stable": false,
    "prefer-lowest": false,
    "platform": {
        "php": ">=7.1.0"
    },
    "platform-dev": []
}
